apiVersion: dns.gardener.cloud/v1alpha1
kind: DNSLock
metadata:
  name: sample-lock
  namespace: default
spec:
  timestamp: "2021-07-05T11:48:00Z"
  dnsName: sample-lock.foo.dev.k8s.ondemand.com
  ttl: 120
  attributes:
    _: my-lock-id # `_` means key-less attribute as used for DNS activation of a DNSOwner
    #mykey: myvalue